
Microsoft Visual Studio Solution File, Format Version 12.00
# Visual Studio Version 17
VisualStudioVersion = 17.14.36414.22 d17.14
MinimumVisualStudioVersion = 10.0.40219.1
Project("{2150E333-8FDC-42A3-9474-1A3956D46DE8}") = "Task0", "Task0", "{02EA681E-C7D8-13C7-8484-4AC65E1B71E8}"
EndProject
Project("{FAE04EC0-301F-11D3-BF4B-00C04F79EFBC}") = "Tyuiu.ZakharovaVI.Sprint3.Task0.V4", "Tyuiu.ZakharovaVI.Sprint3.Task0.V4\Tyuiu.ZakharovaVI.Sprint3.Task0.V4.csproj", "{75F4A01F-8E4A-4850-AEEA-48580268C465}"
EndProject
Project("{FAE04EC0-301F-11D3-BF4B-00C04F79EFBC}") = "Tyuiu.ZakharovaVI.Sprint3.Task0.V4.Lib", "Tyuiu.ZakharovaVI.Sprint3.Task0.V4.Lib\Tyuiu.ZakharovaVI.Sprint3.Task0.V4.Lib.csproj", "{C3E8532B-4F9D-4A4E-89AF-4EA700F30C6B}"
EndProject
Project("{FAE04EC0-301F-11D3-BF4B-00C04F79EFBC}") = "Tyuiu.ZakharovaVI.Sprint3.Task0.V4.Test", "Tyuiu.ZakharovaVI.Sprint3.Task0.V4.Test\Tyuiu.ZakharovaVI.Sprint3.Task0.V4.Test.csproj", "{00C3D4F7-5442-4832-BCED-E63327543F43}"
EndProject
Project("{2150E333-8FDC-42A3-9474-1A3956D46DE8}") = "Task1", "Task1", "{E2E5428B-0D97-4E8E-B923-8F5A4A7DD2B4}"
EndProject
Project("{FAE04EC0-301F-11D3-BF4B-00C04F79EFBC}") = "Tyuiu.ZakharovaVI.Sprint3.Task1.V19", "Tyuiu.ZakharovaVI.Sprint3.Task1.V19\Tyuiu.ZakharovaVI.Sprint3.Task1.V19.csproj", "{4AC8A4A3-0F88-4CB0-B6D8-033DF010C35A}"
EndProject
Project("{FAE04EC0-301F-11D3-BF4B-00C04F79EFBC}") = "Tyuiu.ZakharovaVI.Sprint3.Task1.V19.Lib", "Tyuiu.ZakharovaVI.Sprint3.Task1.V19.Lib\Tyuiu.ZakharovaVI.Sprint3.Task1.V19.Lib.csproj", "{2B611273-84C7-4EA2-9E28-51A0C0BA94B2}"
EndProject
Project("{FAE04EC0-301F-11D3-BF4B-00C04F79EFBC}") = "Tyuiu.ZakharovaVI.Sprint3.Task1.V19.Test", "Tyuiu.ZakharovaVI.Sprint3.Task1.V19.Test\Tyuiu.ZakharovaVI.Sprint3.Task1.V19.Test.csproj", "{CDE68C3B-7153-4D39-82EC-BC5D7E630CB0}"
EndProject
Project("{2150E333-8FDC-42A3-9474-1A3956D46DE8}") = "Task2", "Task2", "{D9298C31-0CF8-4163-A6F9-E4982AAAFDB6}"
EndProject
Project("{FAE04EC0-301F-11D3-BF4B-00C04F79EFBC}") = "Tyuiu.ZakharovaVI.Sprint3.Task2.V5", "Tyuiu.ZakharovaVI.Sprint3.Task2.V5\Tyuiu.ZakharovaVI.Sprint3.Task2.V5.csproj", "{774DAB41-3EC9-4FC6-83EA-A2120079ED23}"
EndProject
Project("{FAE04EC0-301F-11D3-BF4B-00C04F79EFBC}") = "Tyuiu.ZakharovaVI.Sprint3.Task2.V5.Lib", "Tyuiu.ZakharovaVI.Sprint3.Task2.V5.Lib\Tyuiu.ZakharovaVI.Sprint3.Task2.V5.Lib.csproj", "{AD84C40F-8DCD-410B-B98D-CB9AE5ADE11F}"
EndProject
Project("{FAE04EC0-301F-11D3-BF4B-00C04F79EFBC}") = "Tyuiu.ZakharovaVI.Sprint3.Task2.V5.Test", "Tyuiu.ZakharovaVI.Sprint3.Task2.V5.Test\Tyuiu.ZakharovaVI.Sprint3.Task2.V5.Test.csproj", "{E31BF450-CF6D-4A82-A736-809F742CF793}"
EndProject
Project("{2150E333-8FDC-42A3-9474-1A3956D46DE8}") = "Task3", "Task3", "{A5B12650-83AE-485D-8D7B-B47144B799BE}"
EndProject
Project("{FAE04EC0-301F-11D3-BF4B-00C04F79EFBC}") = "Tyuiu.ZakharovaVI.Sprint3.Task3.V24", "Tyuiu.ZakharovaVI.Sprint3.Task3.V24\Tyuiu.ZakharovaVI.Sprint3.Task3.V24.csproj", "{3769C662-77B8-4BD9-AB5A-CF06D0D8CF54}"
EndProject
Project("{FAE04EC0-301F-11D3-BF4B-00C04F79EFBC}") = "Tyuiu.ZakharovaVI.Sprint3.Task3.V24.Lib", "Tyuiu.ZakharovaVI.Sprint3.Task3.V24.Lib\Tyuiu.ZakharovaVI.Sprint3.Task3.V24.Lib.csproj", "{483D20DC-8F4A-433E-83EA-9166D98DF902}"
EndProject
Project("{FAE04EC0-301F-11D3-BF4B-00C04F79EFBC}") = "Tyuiu.ZakharovaVI.Sprint3.Task3.V24.Test", "Tyuiu.ZakharovaVI.Sprint3.Task3.V24.Test\Tyuiu.ZakharovaVI.Sprint3.Task3.V24.Test.csproj", "{419A4846-9FB7-4534-AB28-F5E1C4BEBFE8}"
EndProject
Project("{2150E333-8FDC-42A3-9474-1A3956D46DE8}") = "Task4", "Task4", "{DF358F00-A68A-4DEF-9741-39DEE4E37AAC}"
EndProject
Project("{FAE04EC0-301F-11D3-BF4B-00C04F79EFBC}") = "Tyuiu.ZakharovaVI.Sprint3.Task4.V18", "Tyuiu.ZakharovaVI.Sprint3.Task4.V18\Tyuiu.ZakharovaVI.Sprint3.Task4.V18.csproj", "{775CBDB4-A5D1-4DD4-8F2B-B2BE41EF3C47}"
EndProject
Project("{FAE04EC0-301F-11D3-BF4B-00C04F79EFBC}") = "Tyuiu.ZakharovaVI.Sprint3.Task4.V18.Lib", "Tyuiu.ZakharovaVI.Sprint3.Task4.V18.Lib\Tyuiu.ZakharovaVI.Sprint3.Task4.V18.Lib.csproj", "{F4F0BA00-FAE3-4C46-B2F0-5FD063518392}"
EndProject
Project("{FAE04EC0-301F-11D3-BF4B-00C04F79EFBC}") = "Tyuiu.ZakharovaVI.Sprint3.Task4.V18.Test", "Tyuiu.ZakharovaVI.Sprint3.Task4.V18.Test\Tyuiu.ZakharovaVI.Sprint3.Task4.V18.Test.csproj", "{FF255A96-D9E2-47BB-B8DF-8DD04DF9FA3C}"
EndProject
Project("{2150E333-8FDC-42A3-9474-1A3956D46DE8}") = "Task5", "Task5", "{E069BFDB-DE2F-4218-828F-08CDD36F2822}"
EndProject
Project("{FAE04EC0-301F-11D3-BF4B-00C04F79EFBC}") = "Tyuiu.ZakharovaVI.Sprint3.Task5.V28", "Tyuiu.ZakharovaVI.Sprint3.Task5.V28\Tyuiu.ZakharovaVI.Sprint3.Task5.V28.csproj", "{F55CDA29-27C6-4E77-89C8-DE165E1A2520}"
EndProject
Project("{FAE04EC0-301F-11D3-BF4B-00C04F79EFBC}") = "Tyuiu.ZakharovaVI.Sprint3.Task5.V28.Lib", "Tyuiu.ZakharovaVI.Sprint3.Task5.V28.Lib\Tyuiu.ZakharovaVI.Sprint3.Task5.V28.Lib.csproj", "{361CB545-A7AE-4C5F-9467-9A6BF2006805}"
EndProject
Project("{FAE04EC0-301F-11D3-BF4B-00C04F79EFBC}") = "Tyuiu.ZakharovaVI.Sprint3.Task5.V28.Test", "Tyuiu.ZakharovaVI.Sprint3.Task5.V28.Test\Tyuiu.ZakharovaVI.Sprint3.Task5.V28.Test.csproj", "{1CE63369-D270-4752-B82B-2AF080FC9C5B}"
EndProject
Global
	GlobalSection(SolutionConfigurationPlatforms) = preSolution
		Debug|Any CPU = Debug|Any CPU
		Release|Any CPU = Release|Any CPU
	EndGlobalSection
	GlobalSection(ProjectConfigurationPlatforms) = postSolution
		{75F4A01F-8E4A-4850-AEEA-48580268C465}.Debug|Any CPU.ActiveCfg = Debug|Any CPU
		{75F4A01F-8E4A-4850-AEEA-48580268C465}.Debug|Any CPU.Build.0 = Debug|Any CPU
		{75F4A01F-8E4A-4850-AEEA-48580268C465}.Release|Any CPU.ActiveCfg = Release|Any CPU
		{75F4A01F-8E4A-4850-AEEA-48580268C465}.Release|Any CPU.Build.0 = Release|Any CPU
		{C3E8532B-4F9D-4A4E-89AF-4EA700F30C6B}.Debug|Any CPU.ActiveCfg = Debug|Any CPU
		{C3E8532B-4F9D-4A4E-89AF-4EA700F30C6B}.Debug|Any CPU.Build.0 = Debug|Any CPU
		{C3E8532B-4F9D-4A4E-89AF-4EA700F30C6B}.Release|Any CPU.ActiveCfg = Release|Any CPU
		{C3E8532B-4F9D-4A4E-89AF-4EA700F30C6B}.Release|Any CPU.Build.0 = Release|Any CPU
		{00C3D4F7-5442-4832-BCED-E63327543F43}.Debug|Any CPU.ActiveCfg = Debug|Any CPU
		{00C3D4F7-5442-4832-BCED-E63327543F43}.Debug|Any CPU.Build.0 = Debug|Any CPU
		{00C3D4F7-5442-4832-BCED-E63327543F43}.Release|Any CPU.ActiveCfg = Release|Any CPU
		{00C3D4F7-5442-4832-BCED-E63327543F43}.Release|Any CPU.Build.0 = Release|Any CPU
		{4AC8A4A3-0F88-4CB0-B6D8-033DF010C35A}.Debug|Any CPU.ActiveCfg = Debug|Any CPU
		{4AC8A4A3-0F88-4CB0-B6D8-033DF010C35A}.Debug|Any CPU.Build.0 = Debug|Any CPU
		{4AC8A4A3-0F88-4CB0-B6D8-033DF010C35A}.Release|Any CPU.ActiveCfg = Release|Any CPU
		{4AC8A4A3-0F88-4CB0-B6D8-033DF010C35A}.Release|Any CPU.Build.0 = Release|Any CPU
		{2B611273-84C7-4EA2-9E28-51A0C0BA94B2}.Debug|Any CPU.ActiveCfg = Debug|Any CPU
		{2B611273-84C7-4EA2-9E28-51A0C0BA94B2}.Debug|Any CPU.Build.0 = Debug|Any CPU
		{2B611273-84C7-4EA2-9E28-51A0C0BA94B2}.Release|Any CPU.ActiveCfg = Release|Any CPU
		{2B611273-84C7-4EA2-9E28-51A0C0BA94B2}.Release|Any CPU.Build.0 = Release|Any CPU
		{CDE68C3B-7153-4D39-82EC-BC5D7E630CB0}.Debug|Any CPU.ActiveCfg = Debug|Any CPU
		{CDE68C3B-7153-4D39-82EC-BC5D7E630CB0}.Debug|Any CPU.Build.0 = Debug|Any CPU
		{CDE68C3B-7153-4D39-82EC-BC5D7E630CB0}.Release|Any CPU.ActiveCfg = Release|Any CPU
		{CDE68C3B-7153-4D39-82EC-BC5D7E630CB0}.Release|Any CPU.Build.0 = Release|Any CPU
		{774DAB41-3EC9-4FC6-83EA-A2120079ED23}.Debug|Any CPU.ActiveCfg = Debug|Any CPU
		{774DAB41-3EC9-4FC6-83EA-A2120079ED23}.Debug|Any CPU.Build.0 = Debug|Any CPU
		{774DAB41-3EC9-4FC6-83EA-A2120079ED23}.Release|Any CPU.ActiveCfg = Release|Any CPU
		{774DAB41-3EC9-4FC6-83EA-A2120079ED23}.Release|Any CPU.Build.0 = Release|Any CPU
		{AD84C40F-8DCD-410B-B98D-CB9AE5ADE11F}.Debug|Any CPU.ActiveCfg = Debug|Any CPU
		{AD84C40F-8DCD-410B-B98D-CB9AE5ADE11F}.Debug|Any CPU.Build.0 = Debug|Any CPU
		{AD84C40F-8DCD-410B-B98D-CB9AE5ADE11F}.Release|Any CPU.ActiveCfg = Release|Any CPU
		{AD84C40F-8DCD-410B-B98D-CB9AE5ADE11F}.Release|Any CPU.Build.0 = Release|Any CPU
		{E31BF450-CF6D-4A82-A736-809F742CF793}.Debug|Any CPU.ActiveCfg = Debug|Any CPU
		{E31BF450-CF6D-4A82-A736-809F742CF793}.Debug|Any CPU.Build.0 = Debug|Any CPU
		{E31BF450-CF6D-4A82-A736-809F742CF793}.Release|Any CPU.ActiveCfg = Release|Any CPU
		{E31BF450-CF6D-4A82-A736-809F742CF793}.Release|Any CPU.Build.0 = Release|Any CPU
		{3769C662-77B8-4BD9-AB5A-CF06D0D8CF54}.Debug|Any CPU.ActiveCfg = Debug|Any CPU
		{3769C662-77B8-4BD9-AB5A-CF06D0D8CF54}.Debug|Any CPU.Build.0 = Debug|Any CPU
		{3769C662-77B8-4BD9-AB5A-CF06D0D8CF54}.Release|Any CPU.ActiveCfg = Release|Any CPU
		{3769C662-77B8-4BD9-AB5A-CF06D0D8CF54}.Release|Any CPU.Build.0 = Release|Any CPU
		{483D20DC-8F4A-433E-83EA-9166D98DF902}.Debug|Any CPU.ActiveCfg = Debug|Any CPU
		{483D20DC-8F4A-433E-83EA-9166D98DF902}.Debug|Any CPU.Build.0 = Debug|Any CPU
		{483D20DC-8F4A-433E-83EA-9166D98DF902}.Release|Any CPU.ActiveCfg = Release|Any CPU
		{483D20DC-8F4A-433E-83EA-9166D98DF902}.Release|Any CPU.Build.0 = Release|Any CPU
		{419A4846-9FB7-4534-AB28-F5E1C4BEBFE8}.Debug|Any CPU.ActiveCfg = Debug|Any CPU
		{419A4846-9FB7-4534-AB28-F5E1C4BEBFE8}.Debug|Any CPU.Build.0 = Debug|Any CPU
		{419A4846-9FB7-4534-AB28-F5E1C4BEBFE8}.Release|Any CPU.ActiveCfg = Release|Any CPU
		{419A4846-9FB7-4534-AB28-F5E1C4BEBFE8}.Release|Any CPU.Build.0 = Release|Any CPU
		{775CBDB4-A5D1-4DD4-8F2B-B2BE41EF3C47}.Debug|Any CPU.ActiveCfg = Debug|Any CPU
		{775CBDB4-A5D1-4DD4-8F2B-B2BE41EF3C47}.Debug|Any CPU.Build.0 = Debug|Any CPU
		{775CBDB4-A5D1-4DD4-8F2B-B2BE41EF3C47}.Release|Any CPU.ActiveCfg = Release|Any CPU
		{775CBDB4-A5D1-4DD4-8F2B-B2BE41EF3C47}.Release|Any CPU.Build.0 = Release|Any CPU
		{F4F0BA00-FAE3-4C46-B2F0-5FD063518392}.Debug|Any CPU.ActiveCfg = Debug|Any CPU
		{F4F0BA00-FAE3-4C46-B2F0-5FD063518392}.Debug|Any CPU.Build.0 = Debug|Any CPU
		{F4F0BA00-FAE3-4C46-B2F0-5FD063518392}.Release|Any CPU.ActiveCfg = Release|Any CPU
		{F4F0BA00-FAE3-4C46-B2F0-5FD063518392}.Release|Any CPU.Build.0 = Release|Any CPU
		{FF255A96-D9E2-47BB-B8DF-8DD04DF9FA3C}.Debug|Any CPU.ActiveCfg = Debug|Any CPU
		{FF255A96-D9E2-47BB-B8DF-8DD04DF9FA3C}.Debug|Any CPU.Build.0 = Debug|Any CPU
		{FF255A96-D9E2-47BB-B8DF-8DD04DF9FA3C}.Release|Any CPU.ActiveCfg = Release|Any CPU
		{FF255A96-D9E2-47BB-B8DF-8DD04DF9FA3C}.Release|Any CPU.Build.0 = Release|Any CPU
		{F55CDA29-27C6-4E77-89C8-DE165E1A2520}.Debug|Any CPU.ActiveCfg = Debug|Any CPU
		{F55CDA29-27C6-4E77-89C8-DE165E1A2520}.Debug|Any CPU.Build.0 = Debug|Any CPU
		{F55CDA29-27C6-4E77-89C8-DE165E1A2520}.Release|Any CPU.ActiveCfg = Release|Any CPU
		{F55CDA29-27C6-4E77-89C8-DE165E1A2520}.Release|Any CPU.Build.0 = Release|Any CPU
		{361CB545-A7AE-4C5F-9467-9A6BF2006805}.Debug|Any CPU.ActiveCfg = Debug|Any CPU
		{361CB545-A7AE-4C5F-9467-9A6BF2006805}.Debug|Any CPU.Build.0 = Debug|Any CPU
		{361CB545-A7AE-4C5F-9467-9A6BF2006805}.Release|Any CPU.ActiveCfg = Release|Any CPU
		{361CB545-A7AE-4C5F-9467-9A6BF2006805}.Release|Any CPU.Build.0 = Release|Any CPU
		{1CE63369-D270-4752-B82B-2AF080FC9C5B}.Debug|Any CPU.ActiveCfg = Debug|Any CPU
		{1CE63369-D270-4752-B82B-2AF080FC9C5B}.Debug|Any CPU.Build.0 = Debug|Any CPU
		{1CE63369-D270-4752-B82B-2AF080FC9C5B}.Release|Any CPU.ActiveCfg = Release|Any CPU
		{1CE63369-D270-4752-B82B-2AF080FC9C5B}.Release|Any CPU.Build.0 = Release|Any CPU
	EndGlobalSection
	GlobalSection(SolutionProperties) = preSolution
		HideSolutionNode = FALSE
	EndGlobalSection
	GlobalSection(NestedProjects) = preSolution
		{75F4A01F-8E4A-4850-AEEA-48580268C465} = {02EA681E-C7D8-13C7-8484-4AC65E1B71E8}
		{C3E8532B-4F9D-4A4E-89AF-4EA700F30C6B} = {02EA681E-C7D8-13C7-8484-4AC65E1B71E8}
		{00C3D4F7-5442-4832-BCED-E63327543F43} = {02EA681E-C7D8-13C7-8484-4AC65E1B71E8}
		{4AC8A4A3-0F88-4CB0-B6D8-033DF010C35A} = {E2E5428B-0D97-4E8E-B923-8F5A4A7DD2B4}
		{2B611273-84C7-4EA2-9E28-51A0C0BA94B2} = {E2E5428B-0D97-4E8E-B923-8F5A4A7DD2B4}
		{CDE68C3B-7153-4D39-82EC-BC5D7E630CB0} = {E2E5428B-0D97-4E8E-B923-8F5A4A7DD2B4}
		{774DAB41-3EC9-4FC6-83EA-A2120079ED23} = {D9298C31-0CF8-4163-A6F9-E4982AAAFDB6}
		{AD84C40F-8DCD-410B-B98D-CB9AE5ADE11F} = {D9298C31-0CF8-4163-A6F9-E4982AAAFDB6}
		{E31BF450-CF6D-4A82-A736-809F742CF793} = {D9298C31-0CF8-4163-A6F9-E4982AAAFDB6}
		{3769C662-77B8-4BD9-AB5A-CF06D0D8CF54} = {A5B12650-83AE-485D-8D7B-B47144B799BE}
		{483D20DC-8F4A-433E-83EA-9166D98DF902} = {A5B12650-83AE-485D-8D7B-B47144B799BE}
		{419A4846-9FB7-4534-AB28-F5E1C4BEBFE8} = {A5B12650-83AE-485D-8D7B-B47144B799BE}
		{775CBDB4-A5D1-4DD4-8F2B-B2BE41EF3C47} = {DF358F00-A68A-4DEF-9741-39DEE4E37AAC}
		{F4F0BA00-FAE3-4C46-B2F0-5FD063518392} = {DF358F00-A68A-4DEF-9741-39DEE4E37AAC}
		{FF255A96-D9E2-47BB-B8DF-8DD04DF9FA3C} = {DF358F00-A68A-4DEF-9741-39DEE4E37AAC}
		{F55CDA29-27C6-4E77-89C8-DE165E1A2520} = {E069BFDB-DE2F-4218-828F-08CDD36F2822}
		{361CB545-A7AE-4C5F-9467-9A6BF2006805} = {E069BFDB-DE2F-4218-828F-08CDD36F2822}
		{1CE63369-D270-4752-B82B-2AF080FC9C5B} = {E069BFDB-DE2F-4218-828F-08CDD36F2822}
	EndGlobalSection
	GlobalSection(ExtensibilityGlobals) = postSolution
		SolutionGuid = {EE5E5CDB-D6DC-4DB6-8D9C-3097FAE46DFB}
	EndGlobalSection
EndGlobal
