
Microsoft Visual Studio Solution File, Format Version 12.00
# Visual Studio Version 17
VisualStudioVersion = 17.14.36414.22 d17.14
MinimumVisualStudioVersion = 10.0.40219.1
Project("{2150E333-8FDC-42A3-9474-1A3956D46DE8}") = "Task0", "Task0", "{02EA681E-C7D8-13C7-8484-4AC65E1B71E8}"
EndProject
Project("{FAE04EC0-301F-11D3-BF4B-00C04F79EFBC}") = "Tyuiu.ZakharovaVI.Sprint3.Task0.V4", "Tyuiu.ZakharovaVI.Sprint3.Task0.V4\Tyuiu.ZakharovaVI.Sprint3.Task0.V4.csproj", "{75F4A01F-8E4A-4850-AEEA-48580268C465}"
EndProject
Project("{FAE04EC0-301F-11D3-BF4B-00C04F79EFBC}") = "Tyuiu.ZakharovaVI.Sprint3.Task0.V4.Lib", "Tyuiu.ZakharovaVI.Sprint3.Task0.V4.Lib\Tyuiu.ZakharovaVI.Sprint3.Task0.V4.Lib.csproj", "{C3E8532B-4F9D-4A4E-89AF-4EA700F30C6B}"
EndProject
Project("{FAE04EC0-301F-11D3-BF4B-00C04F79EFBC}") = "Tyuiu.ZakharovaVI.Sprint3.Task0.V4.Test", "Tyuiu.ZakharovaVI.Sprint3.Task0.V4.Test\Tyuiu.ZakharovaVI.Sprint3.Task0.V4.Test.csproj", "{00C3D4F7-5442-4832-BCED-E63327543F43}"
EndProject
Global
	GlobalSection(SolutionConfigurationPlatforms) = preSolution
		Debug|Any CPU = Debug|Any CPU
		Release|Any CPU = Release|Any CPU
	EndGlobalSection
	GlobalSection(ProjectConfigurationPlatforms) = postSolution
		{75F4A01F-8E4A-4850-AEEA-48580268C465}.Debug|Any CPU.ActiveCfg = Debug|Any CPU
		{75F4A01F-8E4A-4850-AEEA-48580268C465}.Debug|Any CPU.Build.0 = Debug|Any CPU
		{75F4A01F-8E4A-4850-AEEA-48580268C465}.Release|Any CPU.ActiveCfg = Release|Any CPU
		{75F4A01F-8E4A-4850-AEEA-48580268C465}.Release|Any CPU.Build.0 = Release|Any CPU
		{C3E8532B-4F9D-4A4E-89AF-4EA700F30C6B}.Debug|Any CPU.ActiveCfg = Debug|Any CPU
		{C3E8532B-4F9D-4A4E-89AF-4EA700F30C6B}.Debug|Any CPU.Build.0 = Debug|Any CPU
		{C3E8532B-4F9D-4A4E-89AF-4EA700F30C6B}.Release|Any CPU.ActiveCfg = Release|Any CPU
		{C3E8532B-4F9D-4A4E-89AF-4EA700F30C6B}.Release|Any CPU.Build.0 = Release|Any CPU
		{00C3D4F7-5442-4832-BCED-E63327543F43}.Debug|Any CPU.ActiveCfg = Debug|Any CPU
		{00C3D4F7-5442-4832-BCED-E63327543F43}.Debug|Any CPU.Build.0 = Debug|Any CPU
		{00C3D4F7-5442-4832-BCED-E63327543F43}.Release|Any CPU.ActiveCfg = Release|Any CPU
		{00C3D4F7-5442-4832-BCED-E63327543F43}.Release|Any CPU.Build.0 = Release|Any CPU
	EndGlobalSection
	GlobalSection(SolutionProperties) = preSolution
		HideSolutionNode = FALSE
	EndGlobalSection
	GlobalSection(NestedProjects) = preSolution
		{75F4A01F-8E4A-4850-AEEA-48580268C465} = {02EA681E-C7D8-13C7-8484-4AC65E1B71E8}
		{C3E8532B-4F9D-4A4E-89AF-4EA700F30C6B} = {02EA681E-C7D8-13C7-8484-4AC65E1B71E8}
		{00C3D4F7-5442-4832-BCED-E63327543F43} = {02EA681E-C7D8-13C7-8484-4AC65E1B71E8}
	EndGlobalSection
	GlobalSection(ExtensibilityGlobals) = postSolution
		SolutionGuid = {EE5E5CDB-D6DC-4DB6-8D9C-3097FAE46DFB}
	EndGlobalSection
EndGlobal
